
Microsoft Visual Studio Solution File, Format Version 12.00
# Visual Studio Version 17
VisualStudioVersion = 17.5.33516.290
MinimumVisualStudioVersion = 10.0.40219.1
Project("{FAE04EC0-301F-11D3-BF4B-00C04F79EFBC}") = "test_jeu_tire", "test_jeu_tire.csproj", "{A78E9610-4D4D-4C3F-82E7-E10DD4292FF2}"
EndProject
Global
	GlobalSection(SolutionConfigurationPlatforms) = preSolution
		Debug|Any CPU = Debug|Any CPU
		Release|Any CPU = Release|Any CPU
	EndGlobalSection
	GlobalSection(ProjectConfigurationPlatforms) = postSolution
		{A78E9610-4D4D-4C3F-82E7-E10DD4292FF2}.Debug|Any CPU.ActiveCfg = Debug|Any CPU
		{A78E9610-4D4D-4C3F-82E7-E10DD4292FF2}.Debug|Any CPU.Build.0 = Debug|Any CPU
		{A78E9610-4D4D-4C3F-82E7-E10DD4292FF2}.Release|Any CPU.ActiveCfg = Release|Any CPU
		{A78E9610-4D4D-4C3F-82E7-E10DD4292FF2}.Release|Any CPU.Build.0 = Release|Any CPU
	EndGlobalSection
	GlobalSection(SolutionProperties) = preSolution
		HideSolutionNode = FALSE
	EndGlobalSection
	GlobalSection(ExtensibilityGlobals) = postSolution
		SolutionGuid = {AE888E3D-A68B-41D9-B3A6-6BB6FE551680}
	EndGlobalSection
EndGlobal
